{
  "dependencies": {
    "coffee-script": {
      "version": "http://registry.npmjs.org/coffee-script/-/coffee-script-1.7.1.tgz",
      "dependencies": {
        "mkdirp": {
          "version": "http://registry.npmjs.org/mkdirp/-/mkdirp-0.3.5.tgz"
        }
      }
    },
    "source-map": {
      "version": "http://registry.npmjs.org/source-map/-/source-map-0.1.32.tgz",
      "dependencies": {
        "amdefine": {
          "version": "http://registry.npmjs.org/amdefine/-/amdefine-1.0.0.tgz"
        }
      }
    }
  }
}
